
Microsoft Visual Studio Solution File, Format Version 12.00
# Visual Studio 2012
Project("{FAE04EC0-301F-11D3-BF4B-00C04F79EFBC}") = "easyMedicine", "easyMedicine\easyMedicine.csproj", "{D9FB6965-DEE4-4B28-BC3A-01ACD06EB32C}"
EndProject
Project("{FAE04EC0-301F-11D3-BF4B-00C04F79EFBC}") = "easyMedicine.iOS", "iOS\easyMedicine.iOS.csproj", "{EFD4C86B-439D-4EEF-AC7B-E67CF9574F78}"
EndProject
Project("{FAE04EC0-301F-11D3-BF4B-00C04F79EFBC}") = "easyMedicine.Droid", "Droid\easyMedicine.Droid.csproj", "{F06AAF00-2EEB-4E7B-AA6D-25081D037D6C}"
EndProject
Global
	GlobalSection(SolutionConfigurationPlatforms) = preSolution
		Debug|Any CPU = Debug|Any CPU
		Release|Any CPU = Release|Any CPU
		Debug|iPhoneSimulator = Debug|iPhoneSimulator
		Release|iPhone = Release|iPhone
		Release|iPhoneSimulator = Release|iPhoneSimulator
		Debug|iPhone = Debug|iPhone
	EndGlobalSection
	GlobalSection(ProjectConfigurationPlatforms) = postSolution
		{D9FB6965-DEE4-4B28-BC3A-01ACD06EB32C}.Debug|Any CPU.ActiveCfg = Debug|Any CPU
		{D9FB6965-DEE4-4B28-BC3A-01ACD06EB32C}.Debug|Any CPU.Build.0 = Debug|Any CPU
		{D9FB6965-DEE4-4B28-BC3A-01ACD06EB32C}.Debug|iPhone.ActiveCfg = Debug|Any CPU
		{D9FB6965-DEE4-4B28-BC3A-01ACD06EB32C}.Debug|iPhone.Build.0 = Debug|Any CPU
		{D9FB6965-DEE4-4B28-BC3A-01ACD06EB32C}.Debug|iPhoneSimulator.ActiveCfg = Debug|Any CPU
		{D9FB6965-DEE4-4B28-BC3A-01ACD06EB32C}.Debug|iPhoneSimulator.Build.0 = Debug|Any CPU
		{D9FB6965-DEE4-4B28-BC3A-01ACD06EB32C}.Release|Any CPU.ActiveCfg = Release|Any CPU
		{D9FB6965-DEE4-4B28-BC3A-01ACD06EB32C}.Release|Any CPU.Build.0 = Release|Any CPU
		{D9FB6965-DEE4-4B28-BC3A-01ACD06EB32C}.Release|iPhone.ActiveCfg = Release|Any CPU
		{D9FB6965-DEE4-4B28-BC3A-01ACD06EB32C}.Release|iPhone.Build.0 = Release|Any CPU
		{D9FB6965-DEE4-4B28-BC3A-01ACD06EB32C}.Release|iPhoneSimulator.ActiveCfg = Release|Any CPU
		{D9FB6965-DEE4-4B28-BC3A-01ACD06EB32C}.Release|iPhoneSimulator.Build.0 = Release|Any CPU
		{EFD4C86B-439D-4EEF-AC7B-E67CF9574F78}.Debug|Any CPU.ActiveCfg = Debug|iPhoneSimulator
		{EFD4C86B-439D-4EEF-AC7B-E67CF9574F78}.Debug|Any CPU.Build.0 = Debug|iPhoneSimulator
		{EFD4C86B-439D-4EEF-AC7B-E67CF9574F78}.Debug|iPhone.ActiveCfg = Debug|iPhone
		{EFD4C86B-439D-4EEF-AC7B-E67CF9574F78}.Debug|iPhone.Build.0 = Debug|iPhone
		{EFD4C86B-439D-4EEF-AC7B-E67CF9574F78}.Debug|iPhoneSimulator.ActiveCfg = Debug|iPhoneSimulator
		{EFD4C86B-439D-4EEF-AC7B-E67CF9574F78}.Debug|iPhoneSimulator.Build.0 = Debug|iPhoneSimulator
		{EFD4C86B-439D-4EEF-AC7B-E67CF9574F78}.Release|Any CPU.ActiveCfg = Release|iPhone
		{EFD4C86B-439D-4EEF-AC7B-E67CF9574F78}.Release|Any CPU.Build.0 = Release|iPhone
		{EFD4C86B-439D-4EEF-AC7B-E67CF9574F78}.Release|iPhone.ActiveCfg = Release|iPhone
		{EFD4C86B-439D-4EEF-AC7B-E67CF9574F78}.Release|iPhone.Build.0 = Release|iPhone
		{EFD4C86B-439D-4EEF-AC7B-E67CF9574F78}.Release|iPhoneSimulator.ActiveCfg = Release|iPhoneSimulator
		{EFD4C86B-439D-4EEF-AC7B-E67CF9574F78}.Release|iPhoneSimulator.Build.0 = Release|iPhoneSimulator
		{F06AAF00-2EEB-4E7B-AA6D-25081D037D6C}.Debug|Any CPU.ActiveCfg = Debug|Any CPU
		{F06AAF00-2EEB-4E7B-AA6D-25081D037D6C}.Debug|Any CPU.Build.0 = Debug|Any CPU
		{F06AAF00-2EEB-4E7B-AA6D-25081D037D6C}.Debug|iPhone.ActiveCfg = Debug|Any CPU
		{F06AAF00-2EEB-4E7B-AA6D-25081D037D6C}.Debug|iPhone.Build.0 = Debug|Any CPU
		{F06AAF00-2EEB-4E7B-AA6D-25081D037D6C}.Debug|iPhoneSimulator.ActiveCfg = Debug|Any CPU
		{F06AAF00-2EEB-4E7B-AA6D-25081D037D6C}.Debug|iPhoneSimulator.Build.0 = Debug|Any CPU
		{F06AAF00-2EEB-4E7B-AA6D-25081D037D6C}.Release|Any CPU.ActiveCfg = Release|Any CPU
		{F06AAF00-2EEB-4E7B-AA6D-25081D037D6C}.Release|Any CPU.Build.0 = Release|Any CPU
		{F06AAF00-2EEB-4E7B-AA6D-25081D037D6C}.Release|iPhone.ActiveCfg = Release|Any CPU
		{F06AAF00-2EEB-4E7B-AA6D-25081D037D6C}.Release|iPhone.Build.0 = Release|Any CPU
		{F06AAF00-2EEB-4E7B-AA6D-25081D037D6C}.Release|iPhoneSimulator.ActiveCfg = Release|Any CPU
		{F06AAF00-2EEB-4E7B-AA6D-25081D037D6C}.Release|iPhoneSimulator.Build.0 = Release|Any CPU
	EndGlobalSection
EndGlobal
