
Microsoft Visual Studio Solution File, Format Version 12.00
# Visual Studio 2012
Project("{FAE04EC0-301F-11D3-BF4B-00C04F79EFBC}") = "easyMedicine.iOS", "easyMedicine.iOS.csproj", "{EFD4C86B-439D-4EEF-AC7B-E67CF9574F78}"
EndProject
Global
	GlobalSection(SolutionConfigurationPlatforms) = preSolution
		Debug|iPhoneSimulator = Debug|iPhoneSimulator
		Release|iPhone = Release|iPhone
		Release|iPhoneSimulator = Release|iPhoneSimulator
		Debug|iPhone = Debug|iPhone
	EndGlobalSection
	GlobalSection(ProjectConfigurationPlatforms) = postSolution
		{EFD4C86B-439D-4EEF-AC7B-E67CF9574F78}.Debug|iPhoneSimulator.ActiveCfg = Debug|iPhoneSimulator
		{EFD4C86B-439D-4EEF-AC7B-E67CF9574F78}.Debug|iPhoneSimulator.Build.0 = Debug|iPhoneSimulator
		{EFD4C86B-439D-4EEF-AC7B-E67CF9574F78}.Release|iPhone.ActiveCfg = Release|iPhone
		{EFD4C86B-439D-4EEF-AC7B-E67CF9574F78}.Release|iPhone.Build.0 = Release|iPhone
		{EFD4C86B-439D-4EEF-AC7B-E67CF9574F78}.Release|iPhoneSimulator.ActiveCfg = Release|iPhoneSimulator
		{EFD4C86B-439D-4EEF-AC7B-E67CF9574F78}.Release|iPhoneSimulator.Build.0 = Release|iPhoneSimulator
		{EFD4C86B-439D-4EEF-AC7B-E67CF9574F78}.Debug|iPhone.ActiveCfg = Debug|iPhone
		{EFD4C86B-439D-4EEF-AC7B-E67CF9574F78}.Debug|iPhone.Build.0 = Debug|iPhone
	EndGlobalSection
EndGlobal
